// !$*UTF8*$!
{
	archiveVersion = 1;
	classes = {
	};
	objectVersion = 50;
	objects = {

/* Begin PBXBuildFile section */
		DC25622B2438CA6E00CF127C /* MapViewController.swift in Sources */ = {isa = PBXBuildFile; fileRef = DC25622A2438CA6E00CF127C /* MapViewController.swift */; };
		DC25622E2438CA7B00CF127C /* MapKit.framework in Frameworks */ = {isa = PBXBuildFile; fileRef = DC25622D2438CA7B00CF127C /* MapKit.framework */; };
		DC7C39E0245B5F02008AD36C /* EKEvent+Extension.swift in Sources */ = {isa = PBXBuildFile; fileRef = DC7C39DF245B5F02008AD36C /* EKEvent+Extension.swift */; };
		DC7C39E2245B5F1B008AD36C /* TimeInterval+Extension.swift in Sources */ = {isa = PBXBuildFile; fileRef = DC7C39E1245B5F1B008AD36C /* TimeInterval+Extension.swift */; };
		DC7C39E5245B5F70008AD36C /* DisplaysCalendars.swift in Sources */ = {isa = PBXBuildFile; fileRef = DC7C39E4245B5F70008AD36C /* DisplaysCalendars.swift */; };
		DCE17819243209A500BC4790 /* AppDelegate.swift in Sources */ = {isa = PBXBuildFile; fileRef = DCE17818243209A500BC4790 /* AppDelegate.swift */; };
		DCE1781B243209A500BC4790 /* SceneDelegate.swift in Sources */ = {isa = PBXBuildFile; fileRef = DCE1781A243209A500BC4790 /* SceneDelegate.swift */; };
		DCE1781D243209A500BC4790 /* ViewController.swift in Sources */ = {isa = PBXBuildFile; fileRef = DCE1781C243209A500BC4790 /* ViewController.swift */; };
		DCE17820243209A500BC4790 /* Main.storyboard in Resources */ = {isa = PBXBuildFile; fileRef = DCE1781E243209A500BC4790 /* Main.storyboard */; };
		DCE17822243209A700BC4790 /* Assets.xcassets in Resources */ = {isa = PBXBuildFile; fileRef = DCE17821243209A700BC4790 /* Assets.xcassets */; };
		DCE17825243209A700BC4790 /* LaunchScreen.storyboard in Resources */ = {isa = PBXBuildFile; fileRef = DCE17823243209A700BC4790 /* LaunchScreen.storyboard */; };
		DCE1782D24321B8500BC4790 /* EventCell.swift in Sources */ = {isa = PBXBuildFile; fileRef = DCE1782C24321B8500BC4790 /* EventCell.swift */; };
/* End PBXBuildFile section */

/* Begin PBXFileReference section */
		DC25622A2438CA6E00CF127C /* MapViewController.swift */ = {isa = PBXFileReference; lastKnownFileType = sourcecode.swift; path = MapViewController.swift; sourceTree = "<group>"; };
		DC25622D2438CA7B00CF127C /* MapKit.framework */ = {isa = PBXFileReference; lastKnownFileType = wrapper.framework; name = MapKit.framework; path = System/Library/Frameworks/MapKit.framework; sourceTree = SDKROOT; };
		DC7C39DF245B5F02008AD36C /* EKEvent+Extension.swift */ = {isa = PBXFileReference; lastKnownFileType = sourcecode.swift; path = "EKEvent+Extension.swift"; sourceTree = "<group>"; };
		DC7C39E1245B5F1B008AD36C /* TimeInterval+Extension.swift */ = {isa = PBXFileReference; lastKnownFileType = sourcecode.swift; path = "TimeInterval+Extension.swift"; sourceTree = "<group>"; };
		DC7C39E4245B5F70008AD36C /* DisplaysCalendars.swift */ = {isa = PBXFileReference; lastKnownFileType = sourcecode.swift; path = DisplaysCalendars.swift; sourceTree = "<group>"; };
		DCE17815243209A500BC4790 /* EKXample.app */ = {isa = PBXFileReference; explicitFileType = wrapper.application; includeInIndex = 0; path = EKXample.app; sourceTree = BUILT_PRODUCTS_DIR; };
		DCE17818243209A500BC4790 /* AppDelegate.swift */ = {isa = PBXFileReference; lastKnownFileType = sourcecode.swift; path = AppDelegate.swift; sourceTree = "<group>"; };
		DCE1781A243209A500BC4790 /* SceneDelegate.swift */ = {isa = PBXFileReference; lastKnownFileType = sourcecode.swift; path = SceneDelegate.swift; sourceTree = "<group>"; };
		DCE1781C243209A500BC4790 /* ViewController.swift */ = {isa = PBXFileReference; lastKnownFileType = sourcecode.swift; path = ViewController.swift; sourceTree = "<group>"; };
		DCE1781F243209A500BC4790 /* Base */ = {isa = PBXFileReference; lastKnownFileType = file.storyboard; name = Base; path = Base.lproj/Main.storyboard; sourceTree = "<group>"; };
		DCE17821243209A700BC4790 /* Assets.xcassets */ = {isa = PBXFileReference; lastKnownFileType = folder.assetcatalog; path = Assets.xcassets; sourceTree = "<group>"; };
		DCE17824243209A700BC4790 /* Base */ = {isa = PBXFileReference; lastKnownFileType = file.storyboard; name = Base; path = Base.lproj/LaunchScreen.storyboard; sourceTree = "<group>"; };
		DCE17826243209A700BC4790 /* Info.plist */ = {isa = PBXFileReference; lastKnownFileType = text.plist.xml; path = Info.plist; sourceTree = "<group>"; };
		DCE1782C24321B8500BC4790 /* EventCell.swift */ = {isa = PBXFileReference; lastKnownFileType = sourcecode.swift; path = EventCell.swift; sourceTree = "<group>"; };
/* End PBXFileReference section */

/* Begin PBXFrameworksBuildPhase section */
		DCE17812243209A500BC4790 /* Frameworks */ = {
			isa = PBXFrameworksBuildPhase;
			buildActionMask = 2147483647;
			files = (
				DC25622E2438CA7B00CF127C /* MapKit.framework in Frameworks */,
			);
			runOnlyForDeploymentPostprocessing = 0;
		};
/* End PBXFrameworksBuildPhase section */

/* Begin PBXGroup section */
		DC25622C2438CA7B00CF127C /* Frameworks */ = {
			isa = PBXGroup;
			children = (
				DC25622D2438CA7B00CF127C /* MapKit.framework */,
			);
			name = Frameworks;
			sourceTree = "<group>";
		};
		DC7C39DE245B5EF6008AD36C /* Extras */ = {
			isa = PBXGroup;
			children = (
				DC7C39DF245B5F02008AD36C /* EKEvent+Extension.swift */,
				DC7C39E1245B5F1B008AD36C /* TimeInterval+Extension.swift */,
			);
			path = Extras;
			sourceTree = "<group>";
		};
		DC7C39E3245B5F60008AD36C /* Protocols */ = {
			isa = PBXGroup;
			children = (
				DC7C39E4245B5F70008AD36C /* DisplaysCalendars.swift */,
			);
			path = Protocols;
			sourceTree = "<group>";
		};
		DCE1780C243209A500BC4790 = {
			isa = PBXGroup;
			children = (
				DCE17817243209A500BC4790 /* EKEventKit.Example */,
				DCE17816243209A500BC4790 /* Products */,
				DC25622C2438CA7B00CF127C /* Frameworks */,
			);
			sourceTree = "<group>";
		};
		DCE17816243209A500BC4790 /* Products */ = {
			isa = PBXGroup;
			children = (
				DCE17815243209A500BC4790 /* EKXample.app */,
			);
			name = Products;
			sourceTree = "<group>";
		};
		DCE17817243209A500BC4790 /* EKEventKit.Example */ = {
			isa = PBXGroup;
			children = (
				DC7C39E3245B5F60008AD36C /* Protocols */,
				DC7C39DE245B5EF6008AD36C /* Extras */,
				DCE17818243209A500BC4790 /* AppDelegate.swift */,
				DCE1781A243209A500BC4790 /* SceneDelegate.swift */,
				DCE1782C24321B8500BC4790 /* EventCell.swift */,
				DCE1781C243209A500BC4790 /* ViewController.swift */,
				DC25622A2438CA6E00CF127C /* MapViewController.swift */,
				DCE1781E243209A500BC4790 /* Main.storyboard */,
				DCE17821243209A700BC4790 /* Assets.xcassets */,
				DCE17823243209A700BC4790 /* LaunchScreen.storyboard */,
				DCE17826243209A700BC4790 /* Info.plist */,
			);
			path = EKEventKit.Example;
			sourceTree = "<group>";
		};
/* End PBXGroup section */

/* Begin PBXNativeTarget section */
		DCE17814243209A500BC4790 /* EKEventKit.Example */ = {
			isa = PBXNativeTarget;
			buildConfigurationList = DCE17829243209A700BC4790 /* Build configuration list for PBXNativeTarget "EKEventKit.Example" */;
			buildPhases = (
				DCE17811243209A500BC4790 /* Sources */,
				DCE17812243209A500BC4790 /* Frameworks */,
				DCE17813243209A500BC4790 /* Resources */,
			);
			buildRules = (
			);
			dependencies = (
			);
			name = EKEventKit.Example;
			productName = EKEventKit.Example;
			productReference = DCE17815243209A500BC4790 /* EKXample.app */;
			productType = "com.apple.product-type.application";
		};
/* End PBXNativeTarget section */

/* Begin PBXProject section */
		DCE1780D243209A500BC4790 /* Project object */ = {
			isa = PBXProject;
			attributes = {
				LastSwiftUpdateCheck = 1130;
				LastUpgradeCheck = 1130;
				ORGANIZATIONNAME = "Filip Němeček";
				TargetAttributes = {
					DCE17814243209A500BC4790 = {
						CreatedOnToolsVersion = 11.3;
					};
				};
			};
			buildConfigurationList = DCE17810243209A500BC4790 /* Build configuration list for PBXProject "EKEventKit.Example" */;
			compatibilityVersion = "Xcode 9.3";
			developmentRegion = en;
			hasScannedForEncodings = 0;
			knownRegions = (
				en,
				Base,
			);
			mainGroup = DCE1780C243209A500BC4790;
			productRefGroup = DCE17816243209A500BC4790 /* Products */;
			projectDirPath = "";
			projectRoot = "";
			targets = (
				DCE17814243209A500BC4790 /* EKEventKit.Example */,
			);
		};
/* End PBXProject section */

/* Begin PBXResourcesBuildPhase section */
		DCE17813243209A500BC4790 /* Resources */ = {
			isa = PBXResourcesBuildPhase;
			buildActionMask = 2147483647;
			files = (
				DCE17825243209A700BC4790 /* LaunchScreen.storyboard in Resources */,
				DCE17822243209A700BC4790 /* Assets.xcassets in Resources */,
				DCE17820243209A500BC4790 /* Main.storyboard in Resources */,
			);
			runOnlyForDeploymentPostprocessing = 0;
		};
/* End PBXResourcesBuildPhase section */

/* Begin PBXSourcesBuildPhase section */
		DCE17811243209A500BC4790 /* Sources */ = {
			isa = PBXSourcesBuildPhase;
			buildActionMask = 2147483647;
			files = (
				DC7C39E5245B5F70008AD36C /* DisplaysCalendars.swift in Sources */,
				DCE1782D24321B8500BC4790 /* EventCell.swift in Sources */,
				DCE1781D243209A500BC4790 /* ViewController.swift in Sources */,
				DCE17819243209A500BC4790 /* AppDelegate.swift in Sources */,
				DC25622B2438CA6E00CF127C /* MapViewController.swift in Sources */,
				DC7C39E0245B5F02008AD36C /* EKEvent+Extension.swift in Sources */,
				DCE1781B243209A500BC4790 /* SceneDelegate.swift in Sources */,
				DC7C39E2245B5F1B008AD36C /* TimeInterval+Extension.swift in Sources */,
			);
			runOnlyForDeploymentPostprocessing = 0;
		};
/* End PBXSourcesBuildPhase section */

/* Begin PBXVariantGroup section */
		DCE1781E243209A500BC4790 /* Main.storyboard */ = {
			isa = PBXVariantGroup;
			children = (
				DCE1781F243209A500BC4790 /* Base */,
			);
			name = Main.storyboard;
			sourceTree = "<group>";
		};
		DCE17823243209A700BC4790 /* LaunchScreen.storyboard */ = {
			isa = PBXVariantGroup;
			children = (
				DCE17824243209A700BC4790 /* Base */,
			);
			name = LaunchScreen.storyboard;
			sourceTree = "<group>";
		};
/* End PBXVariantGroup section */

/* Begin XCBuildConfiguration section */
		DCE17827243209A700BC4790 /* Debug */ = {
			isa = XCBuildConfiguration;
			buildSettings = {
				ALWAYS_SEARCH_USER_PATHS = NO;
				CLANG_ANALYZER_NONNULL = YES;
				CLANG_ANALYZER_NUMBER_OBJECT_CONVERSION = YES_AGGRESSIVE;
				CLANG_CXX_LANGUAGE_STANDARD = "gnu++14";
				CLANG_CXX_LIBRARY = "libc++";
				CLANG_ENABLE_MODULES = YES;
				CLANG_ENABLE_OBJC_ARC = YES;
				CLANG_ENABLE_OBJC_WEAK = YES;
				CLANG_WARN_BLOCK_CAPTURE_AUTORELEASING = YES;
				CLANG_WARN_BOOL_CONVERSION = YES;
				CLANG_WARN_COMMA = YES;
				CLANG_WARN_CONSTANT_CONVERSION = YES;
				CLANG_WARN_DEPRECATED_OBJC_IMPLEMENTATIONS = YES;
				CLANG_WARN_DIRECT_OBJC_ISA_USAGE = YES_ERROR;
				CLANG_WARN_DOCUMENTATION_COMMENTS = YES;
				CLANG_WARN_EMPTY_BODY = YES;
				CLANG_WARN_ENUM_CONVERSION = YES;
				CLANG_WARN_INFINITE_RECURSION = YES;
				CLANG_WARN_INT_CONVERSION = YES;
				CLANG_WARN_NON_LITERAL_NULL_CONVERSION = YES;
				CLANG_WARN_OBJC_IMPLICIT_RETAIN_SELF = YES;
				CLANG_WARN_OBJC_LITERAL_CONVERSION = YES;
				CLANG_WARN_OBJC_ROOT_CLASS = YES_ERROR;
				CLANG_WARN_RANGE_LOOP_ANALYSIS = YES;
				CLANG_WARN_STRICT_PROTOTYPES = YES;
				CLANG_WARN_SUSPICIOUS_MOVE = YES;
				CLANG_WARN_UNGUARDED_AVAILABILITY = YES_AGGRESSIVE;
				CLANG_WARN_UNREACHABLE_CODE = YES;
				CLANG_WARN__DUPLICATE_METHOD_MATCH = YES;
				COPY_PHASE_STRIP = NO;
				DEBUG_INFORMATION_FORMAT = dwarf;
				ENABLE_STRICT_OBJC_MSGSEND = YES;
				ENABLE_TESTABILITY = YES;
				GCC_C_LANGUAGE_STANDARD = gnu11;
				GCC_DYNAMIC_NO_PIC = NO;
				GCC_NO_COMMON_BLOCKS = YES;
				GCC_OPTIMIZATION_LEVEL = 0;
				GCC_PREPROCESSOR_DEFINITIONS = (
					"DEBUG=1",
					"$(inherited)",
				);
				GCC_WARN_64_TO_32_BIT_CONVERSION = YES;
				GCC_WARN_ABOUT_RETURN_TYPE = YES_ERROR;
				GCC_WARN_UNDECLARED_SELECTOR = YES;
				GCC_WARN_UNINITIALIZED_AUTOS = YES_AGGRESSIVE;
				GCC_WARN_UNUSED_FUNCTION = YES;
				GCC_WARN_UNUSED_VARIABLE = YES;
				IPHONEOS_DEPLOYMENT_TARGET = 13.2;
				MTL_ENABLE_DEBUG_INFO = INCLUDE_SOURCE;
				MTL_FAST_MATH = YES;
				ONLY_ACTIVE_ARCH = YES;
				SDKROOT = iphoneos;
				SWIFT_ACTIVE_COMPILATION_CONDITIONS = DEBUG;
				SWIFT_OPTIMIZATION_LEVEL = "-Onone";
			};
			name = Debug;
		};
		DCE17828243209A700BC4790 /* Release */ = {
			isa = XCBuildConfiguration;
			buildSettings = {
				ALWAYS_SEARCH_USER_PATHS = NO;
				CLANG_ANALYZER_NONNULL = YES;
				CLANG_ANALYZER_NUMBER_OBJECT_CONVERSION = YES_AGGRESSIVE;
				CLANG_CXX_LANGUAGE_STANDARD = "gnu++14";
				CLANG_CXX_LIBRARY = "libc++";
				CLANG_ENABLE_MODULES = YES;
				CLANG_ENABLE_OBJC_ARC = YES;
				CLANG_ENABLE_OBJC_WEAK = YES;
				CLANG_WARN_BLOCK_CAPTURE_AUTORELEASING = YES;
				CLANG_WARN_BOOL_CONVERSION = YES;
				CLANG_WARN_COMMA = YES;
				CLANG_WARN_CONSTANT_CONVERSION = YES;
				CLANG_WARN_DEPRECATED_OBJC_IMPLEMENTATIONS = YES;
				CLANG_WARN_DIRECT_OBJC_ISA_USAGE = YES_ERROR;
				CLANG_WARN_DOCUMENTATION_COMMENTS = YES;
				CLANG_WARN_EMPTY_BODY = YES;
				CLANG_WARN_ENUM_CONVERSION = YES;
				CLANG_WARN_INFINITE_RECURSION = YES;
				CLANG_WARN_INT_CONVERSION = YES;
				CLANG_WARN_NON_LITERAL_NULL_CONVERSION = YES;
				CLANG_WARN_OBJC_IMPLICIT_RETAIN_SELF = YES;
				CLANG_WARN_OBJC_LITERAL_CONVERSION = YES;
				CLANG_WARN_OBJC_ROOT_CLASS = YES_ERROR;
				CLANG_WARN_RANGE_LOOP_ANALYSIS = YES;
				CLANG_WARN_STRICT_PROTOTYPES = YES;
				CLANG_WARN_SUSPICIOUS_MOVE = YES;
				CLANG_WARN_UNGUARDED_AVAILABILITY = YES_AGGRESSIVE;
				CLANG_WARN_UNREACHABLE_CODE = YES;
				CLANG_WARN__DUPLICATE_METHOD_MATCH = YES;
				COPY_PHASE_STRIP = NO;
				DEBUG_INFORMATION_FORMAT = "dwarf-with-dsym";
				ENABLE_NS_ASSERTIONS = NO;
				ENABLE_STRICT_OBJC_MSGSEND = YES;
				GCC_C_LANGUAGE_STANDARD = gnu11;
				GCC_NO_COMMON_BLOCKS = YES;
				GCC_WARN_64_TO_32_BIT_CONVERSION = YES;
				GCC_WARN_ABOUT_RETURN_TYPE = YES_ERROR;
				GCC_WARN_UNDECLARED_SELECTOR = YES;
				GCC_WARN_UNINITIALIZED_AUTOS = YES_AGGRESSIVE;
				GCC_WARN_UNUSED_FUNCTION = YES;
				GCC_WARN_UNUSED_VARIABLE = YES;
				IPHONEOS_DEPLOYMENT_TARGET = 13.2;
				MTL_ENABLE_DEBUG_INFO = NO;
				MTL_FAST_MATH = YES;
				SDKROOT = iphoneos;
				SWIFT_COMPILATION_MODE = wholemodule;
				SWIFT_OPTIMIZATION_LEVEL = "-O";
				VALIDATE_PRODUCT = YES;
			};
			name = Release;
		};
		DCE1782A243209A700BC4790 /* Debug */ = {
			isa = XCBuildConfiguration;
			buildSettings = {
				ASSETCATALOG_COMPILER_APPICON_NAME = AppIcon;
				CODE_SIGN_STYLE = Automatic;
				DEVELOPMENT_TEAM = S793P9ET2W;
				INFOPLIST_FILE = EKEventKit.Example/Info.plist;
				LD_RUNPATH_SEARCH_PATHS = (
					"$(inherited)",
					"@executable_path/Frameworks",
				);
				PRODUCT_BUNDLE_IDENTIFIER = "FN.EKEventKit-Example";
				PRODUCT_NAME = EKXample;
				SWIFT_VERSION = 5.0;
				TARGETED_DEVICE_FAMILY = "1,2";
			};
			name = Debug;
		};
		DCE1782B243209A700BC4790 /* Release */ = {
			isa = XCBuildConfiguration;
			buildSettings = {
				ASSETCATALOG_COMPILER_APPICON_NAME = AppIcon;
				CODE_SIGN_STYLE = Automatic;
				DEVELOPMENT_TEAM = S793P9ET2W;
				INFOPLIST_FILE = EKEventKit.Example/Info.plist;
				LD_RUNPATH_SEARCH_PATHS = (
					"$(inherited)",
					"@executable_path/Frameworks",
				);
				PRODUCT_BUNDLE_IDENTIFIER = "FN.EKEventKit-Example";
				PRODUCT_NAME = EKXample;
				SWIFT_VERSION = 5.0;
				TARGETED_DEVICE_FAMILY = "1,2";
			};
			name = Release;
		};
/* End XCBuildConfiguration section */

/* Begin XCConfigurationList section */
		DCE17810243209A500BC4790 /* Build configuration list for PBXProject "EKEventKit.Example" */ = {
			isa = XCConfigurationList;
			buildConfigurations = (
				DCE17827243209A700BC4790 /* Debug */,
				DCE17828243209A700BC4790 /* Release */,
			);
			defaultConfigurationIsVisible = 0;
			defaultConfigurationName = Release;
		};
		DCE17829243209A700BC4790 /* Build configuration list for PBXNativeTarget "EKEventKit.Example" */ = {
			isa = XCConfigurationList;
			buildConfigurations = (
				DCE1782A243209A700BC4790 /* Debug */,
				DCE1782B243209A700BC4790 /* Release */,
			);
			defaultConfigurationIsVisible = 0;
			defaultConfigurationName = Release;
		};
/* End XCConfigurationList section */
	};
	rootObject = DCE1780D243209A500BC4790 /* Project object */;
}
